
Microsoft Visual Studio Solution File, Format Version 12.00
Project("{FAE04EC0-301F-11D3-BF4B-00C04F79EFBC}") = "Creadth.RudeBot", "Creadth.RudeBot\Creadth.RudeBot.csproj", "{A0453375-40C9-4810-A6C9-08D0B3301C7F}"
EndProject
Global
	GlobalSection(SolutionConfigurationPlatforms) = preSolution
		Debug|Any CPU = Debug|Any CPU
		Release|Any CPU = Release|Any CPU
	EndGlobalSection
	GlobalSection(ProjectConfigurationPlatforms) = postSolution
		{A0453375-40C9-4810-A6C9-08D0B3301C7F}.Debug|Any CPU.ActiveCfg = Debug|Any CPU
		{A0453375-40C9-4810-A6C9-08D0B3301C7F}.Debug|Any CPU.Build.0 = Debug|Any CPU
		{A0453375-40C9-4810-A6C9-08D0B3301C7F}.Release|Any CPU.ActiveCfg = Release|Any CPU
		{A0453375-40C9-4810-A6C9-08D0B3301C7F}.Release|Any CPU.Build.0 = Release|Any CPU
	EndGlobalSection
EndGlobal
